{
  "name": "wsaudioplayer",
  "version": "0.0.1",
  "lockfileVersion": 1,
  "requires": true,
  "dependencies": {
    "@stencil/core": {
      "version": "2.19.3",
      "resolved": "https://registry.npmjs.org/@stencil/core/-/core-2.19.3.tgz",
      "integrity": "sha512-rb6pBWTfD5xDg5M/uEJUeclatE/tqBE3zCCNrEB47AtdkNCzC9fOikdzCYbpdAEpU6GvC60REFr0bd8QFUjn3Q==",
      "dev": true
    },
    "wavesurfer.js": {
      "version": "2.1.1",
      "resolved": "https://registry.npmjs.org/wavesurfer.js/-/wavesurfer.js-2.1.1.tgz",
      "integrity": "sha512-Kp9/YcaaRqwSdugHn1bxcAXbJpMtEhYy9jkFQDKkQ+iIy5yyLQ3hcbZr0s4yjbDlT03bW8cIF7X/dkhCC9efxw=="
    }
  }
}
